Microsoft Visual Studio Solution File, Format Version 12.00
# Visual Studio 2012
Project("{FAE04EC0-301F-11D3-BF4B-00C04F79EFBC}") = "MapControl_SearchProcessing", "MapControl_SearchProcessing\MapControl_SearchProcessing.csproj", "{831F2DC0-95AF-4E7A-9898-04EF65AF7323}"
EndProject
Global
	GlobalSection(SolutionConfigurationPlatforms) = preSolution
		Debug|Any CPU = Debug|Any CPU
		Release|Any CPU = Release|Any CPU
	EndGlobalSection
	GlobalSection(ProjectConfigurationPlatforms) = postSolution
		{831F2DC0-95AF-4E7A-9898-04EF65AF7323}.Debug|Any CPU.ActiveCfg = Debug|Any CPU
		{831F2DC0-95AF-4E7A-9898-04EF65AF7323}.Debug|Any CPU.Build.0 = Debug|Any CPU
		{831F2DC0-95AF-4E7A-9898-04EF65AF7323}.Release|Any CPU.ActiveCfg = Release|Any CPU
		{831F2DC0-95AF-4E7A-9898-04EF65AF7323}.Release|Any CPU.Build.0 = Release|Any CPU
	EndGlobalSection
	GlobalSection(SolutionProperties) = preSolution
		HideSolutionNode = FALSE
	EndGlobalSection
EndGlobal
